github.com/TsoiEn/Research-Group/Soft_Eng_Research/Blockchain_Core/chaincode v0.0.0-20241126065154-04fa12c1cc0b h1:MUWy1Q4lsfjCurUxU8ucy0PFLurzCfO4HneZ28hqyeA=
github.com/TsoiEn/Research-Group/Soft_Eng_Research/Blockchain_Core/chaincode v0.0.0-20241126065154-04fa12c1cc0b/go.mod h1:sB0/8FPdK7v84uQShK4VvmyByqU9G/lDB/RHCpojSwg=
