github.com/TsoiEn/Research-Group/Soft_Eng_Research/Blockchain_Core/chaincode v0.0.0-20241126073255-2673c896df1e h1:9yCk3ReVmObYrsZZjeEqL1vyDr5/ZTw9ikL6AJVLdOk=
github.com/TsoiEn/Research-Group/Soft_Eng_Research/Blockchain_Core/chaincode v0.0.0-20241126073255-2673c896df1e/go.mod h1:virPYrDOutdvhXO3WXJNGmr7NKK8XwNOh9QrWMwvzAg=
